
Microsoft Visual Studio Solution File, Format Version 12.00
# Visual Studio 15
VisualStudioVersion = 15.0.26730.3
MinimumVisualStudioVersion = 10.0.40219.1
Project("{FAE04EC0-301F-11D3-BF4B-00C04F79EFBC}") = "Objetos01", "App1\Objetos01.csproj", "{4E9BA5EA-5EC6-4B12-BD06-3D58435A34A4}"
EndProject
Project("{FAE04EC0-301F-11D3-BF4B-00C04F79EFBC}") = "Objetos02", "Objetos02\Objetos02.csproj", "{7CED0109-6CF0-4DD8-A0FA-B0DDBFA3B2C8}"
EndProject
Project("{FAE04EC0-301F-11D3-BF4B-00C04F79EFBC}") = "Objetos03", "Objetos03\Objetos03.csproj", "{A4DB5F4E-7568-4D97-87C6-741B51AC45FA}"
EndProject
Global
	GlobalSection(SolutionConfigurationPlatforms) = preSolution
		Debug|Any CPU = Debug|Any CPU
		Release|Any CPU = Release|Any CPU
	EndGlobalSection
	GlobalSection(ProjectConfigurationPlatforms) = postSolution
		{4E9BA5EA-5EC6-4B12-BD06-3D58435A34A4}.Debug|Any CPU.ActiveCfg = Debug|Any CPU
		{4E9BA5EA-5EC6-4B12-BD06-3D58435A34A4}.Debug|Any CPU.Build.0 = Debug|Any CPU
		{4E9BA5EA-5EC6-4B12-BD06-3D58435A34A4}.Release|Any CPU.ActiveCfg = Release|Any CPU
		{4E9BA5EA-5EC6-4B12-BD06-3D58435A34A4}.Release|Any CPU.Build.0 = Release|Any CPU
		{7CED0109-6CF0-4DD8-A0FA-B0DDBFA3B2C8}.Debug|Any CPU.ActiveCfg = Debug|Any CPU
		{7CED0109-6CF0-4DD8-A0FA-B0DDBFA3B2C8}.Debug|Any CPU.Build.0 = Debug|Any CPU
		{7CED0109-6CF0-4DD8-A0FA-B0DDBFA3B2C8}.Release|Any CPU.ActiveCfg = Release|Any CPU
		{7CED0109-6CF0-4DD8-A0FA-B0DDBFA3B2C8}.Release|Any CPU.Build.0 = Release|Any CPU
		{A4DB5F4E-7568-4D97-87C6-741B51AC45FA}.Debug|Any CPU.ActiveCfg = Debug|Any CPU
		{A4DB5F4E-7568-4D97-87C6-741B51AC45FA}.Debug|Any CPU.Build.0 = Debug|Any CPU
		{A4DB5F4E-7568-4D97-87C6-741B51AC45FA}.Release|Any CPU.ActiveCfg = Release|Any CPU
		{A4DB5F4E-7568-4D97-87C6-741B51AC45FA}.Release|Any CPU.Build.0 = Release|Any CPU
	EndGlobalSection
	GlobalSection(SolutionProperties) = preSolution
		HideSolutionNode = FALSE
	EndGlobalSection
	GlobalSection(ExtensibilityGlobals) = postSolution
		SolutionGuid = {D2BBA39E-5073-459E-98D5-88BF3D4CB751}
	EndGlobalSection
EndGlobal
